
Microsoft Visual Studio Solution File, Format Version 12.00
# Visual Studio Version 16
VisualStudioVersion = 16.0.29920.165
MinimumVisualStudioVersion = 15.0.26124.0
Project("{9A19103F-16F7-4668-BE54-9A1E7A4F7556}") = "Obligatorio.WebApi", "Obligatorio.WebApi\Obligatorio.WebApi.csproj", "{071C5224-89D5-4AC9-8A8D-33F552721F3B}"
EndProject
Project("{9A19103F-16F7-4668-BE54-9A1E7A4F7556}") = "Obligatorio.BusinessLogic", "Obligatorio.BusinessLogic\Obligatorio.BusinessLogic.csproj", "{9AAE9A17-33E8-40D8-8543-D6C42B1482B8}"
	ProjectSection(ProjectDependencies) = postProject
		{018DFC79-118D-4E6A-B34E-556F02EDC0F7} = {018DFC79-118D-4E6A-B34E-556F02EDC0F7}
	EndProjectSection
EndProject
Project("{9A19103F-16F7-4668-BE54-9A1E7A4F7556}") = "Obligatorio.Domain", "Obligatorio.Domain\Obligatorio.Domain.csproj", "{352A62E7-596F-4C30-B33B-E71E0AB99276}"
EndProject
Project("{9A19103F-16F7-4668-BE54-9A1E7A4F7556}") = "Obligatorio.DataAccess", "Obligatorio.DataAccess\Obligatorio.DataAccess.csproj", "{8E289076-7C7F-47DC-9F17-430D5165FAAE}"
EndProject
Project("{9A19103F-16F7-4668-BE54-9A1E7A4F7556}") = "DomainTest", "DomainTest\DomainTest.csproj", "{0086744D-29C7-4205-8089-904F640921EB}"
EndProject
Project("{9A19103F-16F7-4668-BE54-9A1E7A4F7556}") = "Obligatorio.BusinessLogicInterface", "Obligatorio.BusinessLogicInterface\Obligatorio.BusinessLogicInterface.csproj", "{018DFC79-118D-4E6A-B34E-556F02EDC0F7}"
EndProject
Project("{9A19103F-16F7-4668-BE54-9A1E7A4F7556}") = "Obligatorio.DataAccessInterface", "Obligatorio.DataAccessInterface\Obligatorio.DataAccessInterface.csproj", "{4766D4B6-539B-4EA3-8C8C-42BEBDF7A749}"
EndProject
Project("{9A19103F-16F7-4668-BE54-9A1E7A4F7556}") = "Obligatorio.Factory", "Obligatorio.Factory\Obligatorio.Factory.csproj", "{C71654B5-44F2-407B-A5D3-2730ACA65402}"
	ProjectSection(ProjectDependencies) = postProject
		{8E289076-7C7F-47DC-9F17-430D5165FAAE} = {8E289076-7C7F-47DC-9F17-430D5165FAAE}
		{4766D4B6-539B-4EA3-8C8C-42BEBDF7A749} = {4766D4B6-539B-4EA3-8C8C-42BEBDF7A749}
	EndProjectSection
EndProject
Project("{9A19103F-16F7-4668-BE54-9A1E7A4F7556}") = "Obligatorio.Migrations", "Obligatorio.Migrations\Obligatorio.Migrations.csproj", "{1203E5B0-F5F5-4FE6-867C-267E118E7ECD}"
EndProject
Project("{9A19103F-16F7-4668-BE54-9A1E7A4F7556}") = "WebApiTest", "WebApiTest\WebApiTest.csproj", "{969E04F8-3C95-4771-8F84-312C259B4B1D}"
EndProject
Project("{9A19103F-16F7-4668-BE54-9A1E7A4F7556}") = "DataAccessTest", "DataAccessTest\DataAccessTest.csproj", "{D2719FB4-0C9B-4866-A94A-89386981DF24}"
EndProject
Project("{9A19103F-16F7-4668-BE54-9A1E7A4F7556}") = "Obligatorio.Model", "Model\Obligatorio.Model.csproj", "{7D115519-7FBE-4069-AE38-987AAC39E0A8}"
EndProject
Global
	GlobalSection(SolutionConfigurationPlatforms) = preSolution
		Debug|Any CPU = Debug|Any CPU
		Debug|x64 = Debug|x64
		Debug|x86 = Debug|x86
		Release|Any CPU = Release|Any CPU
		Release|x64 = Release|x64
		Release|x86 = Release|x86
	EndGlobalSection
	GlobalSection(ProjectConfigurationPlatforms) = postSolution
		{071C5224-89D5-4AC9-8A8D-33F552721F3B}.Debug|Any CPU.ActiveCfg = Debug|Any CPU
		{071C5224-89D5-4AC9-8A8D-33F552721F3B}.Debug|Any CPU.Build.0 = Debug|Any CPU
		{071C5224-89D5-4AC9-8A8D-33F552721F3B}.Debug|x64.ActiveCfg = Debug|Any CPU
		{071C5224-89D5-4AC9-8A8D-33F552721F3B}.Debug|x64.Build.0 = Debug|Any CPU
		{071C5224-89D5-4AC9-8A8D-33F552721F3B}.Debug|x86.ActiveCfg = Debug|Any CPU
		{071C5224-89D5-4AC9-8A8D-33F552721F3B}.Debug|x86.Build.0 = Debug|Any CPU
		{071C5224-89D5-4AC9-8A8D-33F552721F3B}.Release|Any CPU.ActiveCfg = Release|Any CPU
		{071C5224-89D5-4AC9-8A8D-33F552721F3B}.Release|Any CPU.Build.0 = Release|Any CPU
		{071C5224-89D5-4AC9-8A8D-33F552721F3B}.Release|x64.ActiveCfg = Release|Any CPU
		{071C5224-89D5-4AC9-8A8D-33F552721F3B}.Release|x64.Build.0 = Release|Any CPU
		{071C5224-89D5-4AC9-8A8D-33F552721F3B}.Release|x86.ActiveCfg = Release|Any CPU
		{071C5224-89D5-4AC9-8A8D-33F552721F3B}.Release|x86.Build.0 = Release|Any CPU
		{9AAE9A17-33E8-40D8-8543-D6C42B1482B8}.Debug|Any CPU.ActiveCfg = Debug|Any CPU
		{9AAE9A17-33E8-40D8-8543-D6C42B1482B8}.Debug|Any CPU.Build.0 = Debug|Any CPU
		{9AAE9A17-33E8-40D8-8543-D6C42B1482B8}.Debug|x64.ActiveCfg = Debug|Any CPU
		{9AAE9A17-33E8-40D8-8543-D6C42B1482B8}.Debug|x64.Build.0 = Debug|Any CPU
		{9AAE9A17-33E8-40D8-8543-D6C42B1482B8}.Debug|x86.ActiveCfg = Debug|Any CPU
		{9AAE9A17-33E8-40D8-8543-D6C42B1482B8}.Debug|x86.Build.0 = Debug|Any CPU
		{9AAE9A17-33E8-40D8-8543-D6C42B1482B8}.Release|Any CPU.ActiveCfg = Release|Any CPU
		{9AAE9A17-33E8-40D8-8543-D6C42B1482B8}.Release|Any CPU.Build.0 = Release|Any CPU
		{9AAE9A17-33E8-40D8-8543-D6C42B1482B8}.Release|x64.ActiveCfg = Release|Any CPU
		{9AAE9A17-33E8-40D8-8543-D6C42B1482B8}.Release|x64.Build.0 = Release|Any CPU
		{9AAE9A17-33E8-40D8-8543-D6C42B1482B8}.Release|x86.ActiveCfg = Release|Any CPU
		{9AAE9A17-33E8-40D8-8543-D6C42B1482B8}.Release|x86.Build.0 = Release|Any CPU
		{352A62E7-596F-4C30-B33B-E71E0AB99276}.Debug|Any CPU.ActiveCfg = Debug|Any CPU
		{352A62E7-596F-4C30-B33B-E71E0AB99276}.Debug|Any CPU.Build.0 = Debug|Any CPU
		{352A62E7-596F-4C30-B33B-E71E0AB99276}.Debug|x64.ActiveCfg = Debug|Any CPU
		{352A62E7-596F-4C30-B33B-E71E0AB99276}.Debug|x64.Build.0 = Debug|Any CPU
		{352A62E7-596F-4C30-B33B-E71E0AB99276}.Debug|x86.ActiveCfg = Debug|Any CPU
		{352A62E7-596F-4C30-B33B-E71E0AB99276}.Debug|x86.Build.0 = Debug|Any CPU
		{352A62E7-596F-4C30-B33B-E71E0AB99276}.Release|Any CPU.ActiveCfg = Release|Any CPU
		{352A62E7-596F-4C30-B33B-E71E0AB99276}.Release|Any CPU.Build.0 = Release|Any CPU
		{352A62E7-596F-4C30-B33B-E71E0AB99276}.Release|x64.ActiveCfg = Release|Any CPU
		{352A62E7-596F-4C30-B33B-E71E0AB99276}.Release|x64.Build.0 = Release|Any CPU
		{352A62E7-596F-4C30-B33B-E71E0AB99276}.Release|x86.ActiveCfg = Release|Any CPU
		{352A62E7-596F-4C30-B33B-E71E0AB99276}.Release|x86.Build.0 = Release|Any CPU
		{8E289076-7C7F-47DC-9F17-430D5165FAAE}.Debug|Any CPU.ActiveCfg = Debug|Any CPU
		{8E289076-7C7F-47DC-9F17-430D5165FAAE}.Debug|Any CPU.Build.0 = Debug|Any CPU
		{8E289076-7C7F-47DC-9F17-430D5165FAAE}.Debug|x64.ActiveCfg = Debug|Any CPU
		{8E289076-7C7F-47DC-9F17-430D5165FAAE}.Debug|x64.Build.0 = Debug|Any CPU
		{8E289076-7C7F-47DC-9F17-430D5165FAAE}.Debug|x86.ActiveCfg = Debug|Any CPU
		{8E289076-7C7F-47DC-9F17-430D5165FAAE}.Debug|x86.Build.0 = Debug|Any CPU
		{8E289076-7C7F-47DC-9F17-430D5165FAAE}.Release|Any CPU.ActiveCfg = Release|Any CPU
		{8E289076-7C7F-47DC-9F17-430D5165FAAE}.Release|Any CPU.Build.0 = Release|Any CPU
		{8E289076-7C7F-47DC-9F17-430D5165FAAE}.Release|x64.ActiveCfg = Release|Any CPU
		{8E289076-7C7F-47DC-9F17-430D5165FAAE}.Release|x64.Build.0 = Release|Any CPU
		{8E289076-7C7F-47DC-9F17-430D5165FAAE}.Release|x86.ActiveCfg = Release|Any CPU
		{8E289076-7C7F-47DC-9F17-430D5165FAAE}.Release|x86.Build.0 = Release|Any CPU
		{0086744D-29C7-4205-8089-904F640921EB}.Debug|Any CPU.ActiveCfg = Debug|Any CPU
		{0086744D-29C7-4205-8089-904F640921EB}.Debug|Any CPU.Build.0 = Debug|Any CPU
		{0086744D-29C7-4205-8089-904F640921EB}.Debug|x64.ActiveCfg = Debug|Any CPU
		{0086744D-29C7-4205-8089-904F640921EB}.Debug|x64.Build.0 = Debug|Any CPU
		{0086744D-29C7-4205-8089-904F640921EB}.Debug|x86.ActiveCfg = Debug|Any CPU
		{0086744D-29C7-4205-8089-904F640921EB}.Debug|x86.Build.0 = Debug|Any CPU
		{0086744D-29C7-4205-8089-904F640921EB}.Release|Any CPU.ActiveCfg = Release|Any CPU
		{0086744D-29C7-4205-8089-904F640921EB}.Release|Any CPU.Build.0 = Release|Any CPU
		{0086744D-29C7-4205-8089-904F640921EB}.Release|x64.ActiveCfg = Release|Any CPU
		{0086744D-29C7-4205-8089-904F640921EB}.Release|x64.Build.0 = Release|Any CPU
		{0086744D-29C7-4205-8089-904F640921EB}.Release|x86.ActiveCfg = Release|Any CPU
		{0086744D-29C7-4205-8089-904F640921EB}.Release|x86.Build.0 = Release|Any CPU
		{018DFC79-118D-4E6A-B34E-556F02EDC0F7}.Debug|Any CPU.ActiveCfg = Debug|Any CPU
		{018DFC79-118D-4E6A-B34E-556F02EDC0F7}.Debug|Any CPU.Build.0 = Debug|Any CPU
		{018DFC79-118D-4E6A-B34E-556F02EDC0F7}.Debug|x64.ActiveCfg = Debug|Any CPU
		{018DFC79-118D-4E6A-B34E-556F02EDC0F7}.Debug|x64.Build.0 = Debug|Any CPU
		{018DFC79-118D-4E6A-B34E-556F02EDC0F7}.Debug|x86.ActiveCfg = Debug|Any CPU
		{018DFC79-118D-4E6A-B34E-556F02EDC0F7}.Debug|x86.Build.0 = Debug|Any CPU
		{018DFC79-118D-4E6A-B34E-556F02EDC0F7}.Release|Any CPU.ActiveCfg = Release|Any CPU
		{018DFC79-118D-4E6A-B34E-556F02EDC0F7}.Release|Any CPU.Build.0 = Release|Any CPU
		{018DFC79-118D-4E6A-B34E-556F02EDC0F7}.Release|x64.ActiveCfg = Release|Any CPU
		{018DFC79-118D-4E6A-B34E-556F02EDC0F7}.Release|x64.Build.0 = Release|Any CPU
		{018DFC79-118D-4E6A-B34E-556F02EDC0F7}.Release|x86.ActiveCfg = Release|Any CPU
		{018DFC79-118D-4E6A-B34E-556F02EDC0F7}.Release|x86.Build.0 = Release|Any CPU
		{4766D4B6-539B-4EA3-8C8C-42BEBDF7A749}.Debug|Any CPU.ActiveCfg = Debug|Any CPU
		{4766D4B6-539B-4EA3-8C8C-42BEBDF7A749}.Debug|Any CPU.Build.0 = Debug|Any CPU
		{4766D4B6-539B-4EA3-8C8C-42BEBDF7A749}.Debug|x64.ActiveCfg = Debug|Any CPU
		{4766D4B6-539B-4EA3-8C8C-42BEBDF7A749}.Debug|x64.Build.0 = Debug|Any CPU
		{4766D4B6-539B-4EA3-8C8C-42BEBDF7A749}.Debug|x86.ActiveCfg = Debug|Any CPU
		{4766D4B6-539B-4EA3-8C8C-42BEBDF7A749}.Debug|x86.Build.0 = Debug|Any CPU
		{4766D4B6-539B-4EA3-8C8C-42BEBDF7A749}.Release|Any CPU.ActiveCfg = Release|Any CPU
		{4766D4B6-539B-4EA3-8C8C-42BEBDF7A749}.Release|Any CPU.Build.0 = Release|Any CPU
		{4766D4B6-539B-4EA3-8C8C-42BEBDF7A749}.Release|x64.ActiveCfg = Release|Any CPU
		{4766D4B6-539B-4EA3-8C8C-42BEBDF7A749}.Release|x64.Build.0 = Release|Any CPU
		{4766D4B6-539B-4EA3-8C8C-42BEBDF7A749}.Release|x86.ActiveCfg = Release|Any CPU
		{4766D4B6-539B-4EA3-8C8C-42BEBDF7A749}.Release|x86.Build.0 = Release|Any CPU
		{C71654B5-44F2-407B-A5D3-2730ACA65402}.Debug|Any CPU.ActiveCfg = Debug|Any CPU
		{C71654B5-44F2-407B-A5D3-2730ACA65402}.Debug|Any CPU.Build.0 = Debug|Any CPU
		{C71654B5-44F2-407B-A5D3-2730ACA65402}.Debug|x64.ActiveCfg = Debug|Any CPU
		{C71654B5-44F2-407B-A5D3-2730ACA65402}.Debug|x64.Build.0 = Debug|Any CPU
		{C71654B5-44F2-407B-A5D3-2730ACA65402}.Debug|x86.ActiveCfg = Debug|Any CPU
		{C71654B5-44F2-407B-A5D3-2730ACA65402}.Debug|x86.Build.0 = Debug|Any CPU
		{C71654B5-44F2-407B-A5D3-2730ACA65402}.Release|Any CPU.ActiveCfg = Release|Any CPU
		{C71654B5-44F2-407B-A5D3-2730ACA65402}.Release|Any CPU.Build.0 = Release|Any CPU
		{C71654B5-44F2-407B-A5D3-2730ACA65402}.Release|x64.ActiveCfg = Release|Any CPU
		{C71654B5-44F2-407B-A5D3-2730ACA65402}.Release|x64.Build.0 = Release|Any CPU
		{C71654B5-44F2-407B-A5D3-2730ACA65402}.Release|x86.ActiveCfg = Release|Any CPU
		{C71654B5-44F2-407B-A5D3-2730ACA65402}.Release|x86.Build.0 = Release|Any CPU
		{1203E5B0-F5F5-4FE6-867C-267E118E7ECD}.Debug|Any CPU.ActiveCfg = Debug|Any CPU
		{1203E5B0-F5F5-4FE6-867C-267E118E7ECD}.Debug|Any CPU.Build.0 = Debug|Any CPU
		{1203E5B0-F5F5-4FE6-867C-267E118E7ECD}.Debug|x64.ActiveCfg = Debug|Any CPU
		{1203E5B0-F5F5-4FE6-867C-267E118E7ECD}.Debug|x64.Build.0 = Debug|Any CPU
		{1203E5B0-F5F5-4FE6-867C-267E118E7ECD}.Debug|x86.ActiveCfg = Debug|Any CPU
		{1203E5B0-F5F5-4FE6-867C-267E118E7ECD}.Debug|x86.Build.0 = Debug|Any CPU
		{1203E5B0-F5F5-4FE6-867C-267E118E7ECD}.Release|Any CPU.ActiveCfg = Release|Any CPU
		{1203E5B0-F5F5-4FE6-867C-267E118E7ECD}.Release|Any CPU.Build.0 = Release|Any CPU
		{1203E5B0-F5F5-4FE6-867C-267E118E7ECD}.Release|x64.ActiveCfg = Release|Any CPU
		{1203E5B0-F5F5-4FE6-867C-267E118E7ECD}.Release|x64.Build.0 = Release|Any CPU
		{1203E5B0-F5F5-4FE6-867C-267E118E7ECD}.Release|x86.ActiveCfg = Release|Any CPU
		{1203E5B0-F5F5-4FE6-867C-267E118E7ECD}.Release|x86.Build.0 = Release|Any CPU
		{969E04F8-3C95-4771-8F84-312C259B4B1D}.Debug|Any CPU.ActiveCfg = Debug|Any CPU
		{969E04F8-3C95-4771-8F84-312C259B4B1D}.Debug|Any CPU.Build.0 = Debug|Any CPU
		{969E04F8-3C95-4771-8F84-312C259B4B1D}.Debug|x64.ActiveCfg = Debug|Any CPU
		{969E04F8-3C95-4771-8F84-312C259B4B1D}.Debug|x64.Build.0 = Debug|Any CPU
		{969E04F8-3C95-4771-8F84-312C259B4B1D}.Debug|x86.ActiveCfg = Debug|Any CPU
		{969E04F8-3C95-4771-8F84-312C259B4B1D}.Debug|x86.Build.0 = Debug|Any CPU
		{969E04F8-3C95-4771-8F84-312C259B4B1D}.Release|Any CPU.ActiveCfg = Release|Any CPU
		{969E04F8-3C95-4771-8F84-312C259B4B1D}.Release|Any CPU.Build.0 = Release|Any CPU
		{969E04F8-3C95-4771-8F84-312C259B4B1D}.Release|x64.ActiveCfg = Release|Any CPU
		{969E04F8-3C95-4771-8F84-312C259B4B1D}.Release|x64.Build.0 = Release|Any CPU
		{969E04F8-3C95-4771-8F84-312C259B4B1D}.Release|x86.ActiveCfg = Release|Any CPU
		{969E04F8-3C95-4771-8F84-312C259B4B1D}.Release|x86.Build.0 = Release|Any CPU
		{D2719FB4-0C9B-4866-A94A-89386981DF24}.Debug|Any CPU.ActiveCfg = Debug|Any CPU
		{D2719FB4-0C9B-4866-A94A-89386981DF24}.Debug|Any CPU.Build.0 = Debug|Any CPU
		{D2719FB4-0C9B-4866-A94A-89386981DF24}.Debug|x64.ActiveCfg = Debug|Any CPU
		{D2719FB4-0C9B-4866-A94A-89386981DF24}.Debug|x64.Build.0 = Debug|Any CPU
		{D2719FB4-0C9B-4866-A94A-89386981DF24}.Debug|x86.ActiveCfg = Debug|Any CPU
		{D2719FB4-0C9B-4866-A94A-89386981DF24}.Debug|x86.Build.0 = Debug|Any CPU
		{D2719FB4-0C9B-4866-A94A-89386981DF24}.Release|Any CPU.ActiveCfg = Release|Any CPU
		{D2719FB4-0C9B-4866-A94A-89386981DF24}.Release|Any CPU.Build.0 = Release|Any CPU
		{D2719FB4-0C9B-4866-A94A-89386981DF24}.Release|x64.ActiveCfg = Release|Any CPU
		{D2719FB4-0C9B-4866-A94A-89386981DF24}.Release|x64.Build.0 = Release|Any CPU
		{D2719FB4-0C9B-4866-A94A-89386981DF24}.Release|x86.ActiveCfg = Release|Any CPU
		{D2719FB4-0C9B-4866-A94A-89386981DF24}.Release|x86.Build.0 = Release|Any CPU
		{7D115519-7FBE-4069-AE38-987AAC39E0A8}.Debug|Any CPU.ActiveCfg = Debug|Any CPU
		{7D115519-7FBE-4069-AE38-987AAC39E0A8}.Debug|Any CPU.Build.0 = Debug|Any CPU
		{7D115519-7FBE-4069-AE38-987AAC39E0A8}.Debug|x64.ActiveCfg = Debug|Any CPU
		{7D115519-7FBE-4069-AE38-987AAC39E0A8}.Debug|x64.Build.0 = Debug|Any CPU
		{7D115519-7FBE-4069-AE38-987AAC39E0A8}.Debug|x86.ActiveCfg = Debug|Any CPU
		{7D115519-7FBE-4069-AE38-987AAC39E0A8}.Debug|x86.Build.0 = Debug|Any CPU
		{7D115519-7FBE-4069-AE38-987AAC39E0A8}.Release|Any CPU.ActiveCfg = Release|Any CPU
		{7D115519-7FBE-4069-AE38-987AAC39E0A8}.Release|Any CPU.Build.0 = Release|Any CPU
		{7D115519-7FBE-4069-AE38-987AAC39E0A8}.Release|x64.ActiveCfg = Release|Any CPU
		{7D115519-7FBE-4069-AE38-987AAC39E0A8}.Release|x64.Build.0 = Release|Any CPU
		{7D115519-7FBE-4069-AE38-987AAC39E0A8}.Release|x86.ActiveCfg = Release|Any CPU
		{7D115519-7FBE-4069-AE38-987AAC39E0A8}.Release|x86.Build.0 = Release|Any CPU
	EndGlobalSection
	GlobalSection(SolutionProperties) = preSolution
		HideSolutionNode = FALSE
	EndGlobalSection
	GlobalSection(ExtensibilityGlobals) = postSolution
		SolutionGuid = {166FF190-2B01-4317-8B74-EBEE239C2ACD}
	EndGlobalSection
EndGlobal
